
Microsoft Visual Studio Solution File, Format Version 12.00
# Visual Studio Version 16
VisualStudioVersion = 16.0.29326.143
MinimumVisualStudioVersion = 10.0.40219.1
Project("{FAE04EC0-301F-11D3-BF4B-00C04F79EFBC}") = "demoapp", "demoapp\demoapp.csproj", "{0185F8B9-65DB-4AFD-82E8-E038D90C2B73}"
EndProject
Global
	GlobalSection(SolutionConfigurationPlatforms) = preSolution
		Debug|Any CPU = Debug|Any CPU
		Release|Any CPU = Release|Any CPU
	EndGlobalSection
	GlobalSection(ProjectConfigurationPlatforms) = postSolution
		{0185F8B9-65DB-4AFD-82E8-E038D90C2B73}.Debug|Any CPU.ActiveCfg = Debug|Any CPU
		{0185F8B9-65DB-4AFD-82E8-E038D90C2B73}.Debug|Any CPU.Build.0 = Debug|Any CPU
		{0185F8B9-65DB-4AFD-82E8-E038D90C2B73}.Release|Any CPU.ActiveCfg = Release|Any CPU
		{0185F8B9-65DB-4AFD-82E8-E038D90C2B73}.Release|Any CPU.Build.0 = Release|Any CPU
	EndGlobalSection
	GlobalSection(SolutionProperties) = preSolution
		HideSolutionNode = FALSE
	EndGlobalSection
	GlobalSection(ExtensibilityGlobals) = postSolution
		SolutionGuid = {4C52D4DD-DC61-4B74-A92B-1D36826DBCA4}
	EndGlobalSection
EndGlobal
